
Microsoft Visual Studio Solution File, Format Version 12.00
# Visual Studio Version 17
VisualStudioVersion = 17.9.34714.143
MinimumVisualStudioVersion = 10.0.40219.1
Project("{FAE04EC0-301F-11D3-BF4B-00C04F79EFBC}") = "MetanitExperiments", "MetanitExperiments.csproj", "{C7D296CE-F601-40F3-9D08-5752D11AC0CC}"
EndProject
Global
	GlobalSection(SolutionConfigurationPlatforms) = preSolution
		Debug|Any CPU = Debug|Any CPU
		Release|Any CPU = Release|Any CPU
	EndGlobalSection
	GlobalSection(ProjectConfigurationPlatforms) = postSolution
		{C7D296CE-F601-40F3-9D08-5752D11AC0CC}.Debug|Any CPU.ActiveCfg = Debug|Any CPU
		{C7D296CE-F601-40F3-9D08-5752D11AC0CC}.Debug|Any CPU.Build.0 = Debug|Any CPU
		{C7D296CE-F601-40F3-9D08-5752D11AC0CC}.Release|Any CPU.ActiveCfg = Release|Any CPU
		{C7D296CE-F601-40F3-9D08-5752D11AC0CC}.Release|Any CPU.Build.0 = Release|Any CPU
	EndGlobalSection
	GlobalSection(SolutionProperties) = preSolution
		HideSolutionNode = FALSE
	EndGlobalSection
	GlobalSection(ExtensibilityGlobals) = postSolution
		SolutionGuid = {B0D6CEDF-A558-443B-9C6C-0768D5C401FE}
	EndGlobalSection
EndGlobal
